
Microsoft Visual Studio Solution File, Format Version 12.00
# Visual Studio Version 17
VisualStudioVersion = 17.0.31903.59
MinimumVisualStudioVersion = 10.0.40219.1
Project("{2150E333-8FDC-42A3-9474-1A3956D46DE8}") = "src", "src", "{176ED360-DCF7-4D46-96AC-A28B2708C351}"
EndProject
Project("{FAE04EC0-301F-11D3-BF4B-00C04F79EFBC}") = "TradingSystem.Core", "src\TradingSystem.Core\TradingSystem.Core.csproj", "{B363F74A-AD73-4FBE-83BA-E30E5731451B}"
EndProject
Project("{FAE04EC0-301F-11D3-BF4B-00C04F79EFBC}") = "TradingSystem.App", "src\TradingSystem.App\TradingSystem.App.csproj", "{103F4F9C-51FD-40BC-BCB7-69D26F5757F4}"
EndProject
Project("{2150E333-8FDC-42A3-9474-1A3956D46DE8}") = "tests", "tests", "{16A3426B-1C24-4387-9F40-32F16EF8EE11}"
EndProject
Project("{FAE04EC0-301F-11D3-BF4B-00C04F79EFBC}") = "TradingSystem.Tests", "tests\TradingSystem.Tests\TradingSystem.Tests.csproj", "{50D16A73-B6A9-48F0-A84C-1ADCF0BEB352}"
EndProject
Project("{FAE04EC0-301F-11D3-BF4B-00C04F79EFBC}") = "TradingSystem.Api", "src\TradingSystem.Api\TradingSystem.Api.csproj", "{889542AE-6348-490F-94D2-C9EE690F6B21}"
	ProjectSection(ProjectDependencies) = postProject
		{103F4F9C-51FD-40BC-BCB7-69D26F5757F4} = {103F4F9C-51FD-40BC-BCB7-69D26F5757F4}
		{50D16A73-B6A9-48F0-A84C-1ADCF0BEB352} = {50D16A73-B6A9-48F0-A84C-1ADCF0BEB352}
		{B363F74A-AD73-4FBE-83BA-E30E5731451B} = {B363F74A-AD73-4FBE-83BA-E30E5731451B}
	EndProjectSection
EndProject
Project("{FAE04EC0-301F-11D3-BF4B-00C04F79EFBC}") = "TradingSystem.Data", "src\TradingSystem.Data\TradingSystem.Data.csproj", "{BDD83FB0-1225-4FB3-87BE-28ADA8F6E047}"
EndProject
Global
	GlobalSection(SolutionConfigurationPlatforms) = preSolution
		Debug|Any CPU = Debug|Any CPU
		Debug|x64 = Debug|x64
		Debug|x86 = Debug|x86
		Release|Any CPU = Release|Any CPU
		Release|x64 = Release|x64
		Release|x86 = Release|x86
	EndGlobalSection
	GlobalSection(ProjectConfigurationPlatforms) = postSolution
		{B363F74A-AD73-4FBE-83BA-E30E5731451B}.Debug|Any CPU.ActiveCfg = Debug|Any CPU
		{B363F74A-AD73-4FBE-83BA-E30E5731451B}.Debug|Any CPU.Build.0 = Debug|Any CPU
		{B363F74A-AD73-4FBE-83BA-E30E5731451B}.Debug|x64.ActiveCfg = Debug|Any CPU
		{B363F74A-AD73-4FBE-83BA-E30E5731451B}.Debug|x64.Build.0 = Debug|Any CPU
		{B363F74A-AD73-4FBE-83BA-E30E5731451B}.Debug|x86.ActiveCfg = Debug|Any CPU
		{B363F74A-AD73-4FBE-83BA-E30E5731451B}.Debug|x86.Build.0 = Debug|Any CPU
		{B363F74A-AD73-4FBE-83BA-E30E5731451B}.Release|Any CPU.ActiveCfg = Release|Any CPU
		{B363F74A-AD73-4FBE-83BA-E30E5731451B}.Release|Any CPU.Build.0 = Release|Any CPU
		{B363F74A-AD73-4FBE-83BA-E30E5731451B}.Release|x64.ActiveCfg = Release|Any CPU
		{B363F74A-AD73-4FBE-83BA-E30E5731451B}.Release|x64.Build.0 = Release|Any CPU
		{B363F74A-AD73-4FBE-83BA-E30E5731451B}.Release|x86.ActiveCfg = Release|Any CPU
		{B363F74A-AD73-4FBE-83BA-E30E5731451B}.Release|x86.Build.0 = Release|Any CPU
		{103F4F9C-51FD-40BC-BCB7-69D26F5757F4}.Debug|Any CPU.ActiveCfg = Debug|Any CPU
		{103F4F9C-51FD-40BC-BCB7-69D26F5757F4}.Debug|Any CPU.Build.0 = Debug|Any CPU
		{103F4F9C-51FD-40BC-BCB7-69D26F5757F4}.Debug|x64.ActiveCfg = Debug|Any CPU
		{103F4F9C-51FD-40BC-BCB7-69D26F5757F4}.Debug|x64.Build.0 = Debug|Any CPU
		{103F4F9C-51FD-40BC-BCB7-69D26F5757F4}.Debug|x86.ActiveCfg = Debug|Any CPU
		{103F4F9C-51FD-40BC-BCB7-69D26F5757F4}.Debug|x86.Build.0 = Debug|Any CPU
		{103F4F9C-51FD-40BC-BCB7-69D26F5757F4}.Release|Any CPU.ActiveCfg = Release|Any CPU
		{103F4F9C-51FD-40BC-BCB7-69D26F5757F4}.Release|Any CPU.Build.0 = Release|Any CPU
		{103F4F9C-51FD-40BC-BCB7-69D26F5757F4}.Release|x64.ActiveCfg = Release|Any CPU
		{103F4F9C-51FD-40BC-BCB7-69D26F5757F4}.Release|x64.Build.0 = Release|Any CPU
		{103F4F9C-51FD-40BC-BCB7-69D26F5757F4}.Release|x86.ActiveCfg = Release|Any CPU
		{103F4F9C-51FD-40BC-BCB7-69D26F5757F4}.Release|x86.Build.0 = Release|Any CPU
		{50D16A73-B6A9-48F0-A84C-1ADCF0BEB352}.Debug|Any CPU.ActiveCfg = Debug|Any CPU
		{50D16A73-B6A9-48F0-A84C-1ADCF0BEB352}.Debug|Any CPU.Build.0 = Debug|Any CPU
		{50D16A73-B6A9-48F0-A84C-1ADCF0BEB352}.Debug|x64.ActiveCfg = Debug|Any CPU
		{50D16A73-B6A9-48F0-A84C-1ADCF0BEB352}.Debug|x64.Build.0 = Debug|Any CPU
		{50D16A73-B6A9-48F0-A84C-1ADCF0BEB352}.Debug|x86.ActiveCfg = Debug|Any CPU
		{50D16A73-B6A9-48F0-A84C-1ADCF0BEB352}.Debug|x86.Build.0 = Debug|Any CPU
		{50D16A73-B6A9-48F0-A84C-1ADCF0BEB352}.Release|Any CPU.ActiveCfg = Release|Any CPU
		{50D16A73-B6A9-48F0-A84C-1ADCF0BEB352}.Release|Any CPU.Build.0 = Release|Any CPU
		{50D16A73-B6A9-48F0-A84C-1ADCF0BEB352}.Release|x64.ActiveCfg = Release|Any CPU
		{50D16A73-B6A9-48F0-A84C-1ADCF0BEB352}.Release|x64.Build.0 = Release|Any CPU
		{50D16A73-B6A9-48F0-A84C-1ADCF0BEB352}.Release|x86.ActiveCfg = Release|Any CPU
		{50D16A73-B6A9-48F0-A84C-1ADCF0BEB352}.Release|x86.Build.0 = Release|Any CPU
		{889542AE-6348-490F-94D2-C9EE690F6B21}.Debug|Any CPU.ActiveCfg = Debug|Any CPU
		{889542AE-6348-490F-94D2-C9EE690F6B21}.Debug|Any CPU.Build.0 = Debug|Any CPU
		{889542AE-6348-490F-94D2-C9EE690F6B21}.Debug|x64.ActiveCfg = Debug|Any CPU
		{889542AE-6348-490F-94D2-C9EE690F6B21}.Debug|x64.Build.0 = Debug|Any CPU
		{889542AE-6348-490F-94D2-C9EE690F6B21}.Debug|x86.ActiveCfg = Debug|Any CPU
		{889542AE-6348-490F-94D2-C9EE690F6B21}.Debug|x86.Build.0 = Debug|Any CPU
		{889542AE-6348-490F-94D2-C9EE690F6B21}.Release|Any CPU.ActiveCfg = Release|Any CPU
		{889542AE-6348-490F-94D2-C9EE690F6B21}.Release|Any CPU.Build.0 = Release|Any CPU
		{889542AE-6348-490F-94D2-C9EE690F6B21}.Release|x64.ActiveCfg = Release|Any CPU
		{889542AE-6348-490F-94D2-C9EE690F6B21}.Release|x64.Build.0 = Release|Any CPU
		{889542AE-6348-490F-94D2-C9EE690F6B21}.Release|x86.ActiveCfg = Release|Any CPU
		{889542AE-6348-490F-94D2-C9EE690F6B21}.Release|x86.Build.0 = Release|Any CPU
		{BDD83FB0-1225-4FB3-87BE-28ADA8F6E047}.Debug|Any CPU.ActiveCfg = Debug|Any CPU
		{BDD83FB0-1225-4FB3-87BE-28ADA8F6E047}.Debug|Any CPU.Build.0 = Debug|Any CPU
		{BDD83FB0-1225-4FB3-87BE-28ADA8F6E047}.Debug|x64.ActiveCfg = Debug|Any CPU
		{BDD83FB0-1225-4FB3-87BE-28ADA8F6E047}.Debug|x64.Build.0 = Debug|Any CPU
		{BDD83FB0-1225-4FB3-87BE-28ADA8F6E047}.Debug|x86.ActiveCfg = Debug|Any CPU
		{BDD83FB0-1225-4FB3-87BE-28ADA8F6E047}.Debug|x86.Build.0 = Debug|Any CPU
		{BDD83FB0-1225-4FB3-87BE-28ADA8F6E047}.Release|Any CPU.ActiveCfg = Release|Any CPU
		{BDD83FB0-1225-4FB3-87BE-28ADA8F6E047}.Release|Any CPU.Build.0 = Release|Any CPU
		{BDD83FB0-1225-4FB3-87BE-28ADA8F6E047}.Release|x64.ActiveCfg = Release|Any CPU
		{BDD83FB0-1225-4FB3-87BE-28ADA8F6E047}.Release|x64.Build.0 = Release|Any CPU
		{BDD83FB0-1225-4FB3-87BE-28ADA8F6E047}.Release|x86.ActiveCfg = Release|Any CPU
		{BDD83FB0-1225-4FB3-87BE-28ADA8F6E047}.Release|x86.Build.0 = Release|Any CPU
	EndGlobalSection
	GlobalSection(SolutionProperties) = preSolution
		HideSolutionNode = FALSE
	EndGlobalSection
	GlobalSection(NestedProjects) = preSolution
		{B363F74A-AD73-4FBE-83BA-E30E5731451B} = {176ED360-DCF7-4D46-96AC-A28B2708C351}
		{103F4F9C-51FD-40BC-BCB7-69D26F5757F4} = {176ED360-DCF7-4D46-96AC-A28B2708C351}
		{50D16A73-B6A9-48F0-A84C-1ADCF0BEB352} = {16A3426B-1C24-4387-9F40-32F16EF8EE11}
		{889542AE-6348-490F-94D2-C9EE690F6B21} = {176ED360-DCF7-4D46-96AC-A28B2708C351}
		{BDD83FB0-1225-4FB3-87BE-28ADA8F6E047} = {176ED360-DCF7-4D46-96AC-A28B2708C351}
	EndGlobalSection
	GlobalSection(ExtensibilityGlobals) = postSolution
		SolutionGuid = {87431CC5-474D-4F7C-BDFD-AF0911BA3C58}
	EndGlobalSection
EndGlobal
